
Microsoft Visual Studio Solution File, Format Version 12.00
# Visual Studio Version 17
VisualStudioVersion = 17.7.34031.279
MinimumVisualStudioVersion = 10.0.40219.1
Project("{8BC9CEB8-8B4A-11D0-8D11-00A0C91BC942}") = "Unidad4_5", "Unidad4_5\Unidad4_5.vcxproj", "{FB8D4E4C-24F7-40E5-BC40-17B84AEF87BA}"
EndProject
Global
	GlobalSection(SolutionConfigurationPlatforms) = preSolution
		Debug|x64 = Debug|x64
		Debug|x86 = Debug|x86
		Release|x64 = Release|x64
		Release|x86 = Release|x86
	EndGlobalSection
	GlobalSection(ProjectConfigurationPlatforms) = postSolution
		{FB8D4E4C-24F7-40E5-BC40-17B84AEF87BA}.Debug|x64.ActiveCfg = Debug|x64
		{FB8D4E4C-24F7-40E5-BC40-17B84AEF87BA}.Debug|x64.Build.0 = Debug|x64
		{FB8D4E4C-24F7-40E5-BC40-17B84AEF87BA}.Debug|x86.ActiveCfg = Debug|Win32
		{FB8D4E4C-24F7-40E5-BC40-17B84AEF87BA}.Debug|x86.Build.0 = Debug|Win32
		{FB8D4E4C-24F7-40E5-BC40-17B84AEF87BA}.Release|x64.ActiveCfg = Release|x64
		{FB8D4E4C-24F7-40E5-BC40-17B84AEF87BA}.Release|x64.Build.0 = Release|x64
		{FB8D4E4C-24F7-40E5-BC40-17B84AEF87BA}.Release|x86.ActiveCfg = Release|Win32
		{FB8D4E4C-24F7-40E5-BC40-17B84AEF87BA}.Release|x86.Build.0 = Release|Win32
	EndGlobalSection
	GlobalSection(SolutionProperties) = preSolution
		HideSolutionNode = FALSE
	EndGlobalSection
	GlobalSection(ExtensibilityGlobals) = postSolution
		SolutionGuid = {A8662337-6474-4C9A-9D83-8BC279B38694}
	EndGlobalSection
EndGlobal
